<?xml version="1.0" encoding="UTF-8"?>
<Scheme
   LastUpgradeVersion = "1010"
   version = "1.7">
   <BuildAction
      parallelizeBuildables = "YES"
      buildImplicitDependencies = "YES">
      <BuildActionEntries>
         <BuildActionEntry
            buildForTesting = "YES"
            buildForRunning = "YES"
            buildForProfiling = "YES"
            buildForArchiving = "YES"
            buildForAnalyzing = "YES">
            <BuildableReference
               BuildableIdentifier = "primary"
               BlueprintIdentifier = "3AC192947DB2FAD63AFCCAEB"
               BuildableName = "Survey.app"
               BlueprintName = "Survey"
               ReferencedContainer = "container:Survey.xcodeproj">
            </BuildableReference>
         </BuildActionEntry>
      </BuildActionEntries>
   </BuildAction>
   <TestAction
      buildConfiguration = "Debug Staging"
      selectedDebuggerIdentifier = "Xcode.DebuggerFoundation.Debugger.LLDB"
      selectedLauncherIdentifier = "Xcode.DebuggerFoundation.Launcher.LLDB"
      shouldUseLaunchSchemeArgsEnv = "YES"
      codeCoverageEnabled = "YES">
      <TestPlans>
         <TestPlanReference
            reference = "container:CICDTests.xctestplan"
            default = "YES">
         </TestPlanReference>
      </TestPlans>
      <Testables>
         <TestableReference
            skipped = "NO">
            <BuildableReference
               BuildableIdentifier = "primary"
               BlueprintIdentifier = "0DC8F1540991EF674B7401A8"
               BuildableName = "SurveyTests.xctest"
               BlueprintName = "SurveyTests"
               ReferencedContainer = "container:Survey.xcodeproj">
            </BuildableReference>
         </TestableReference>
         <TestableReference
            skipped = "NO">
            <BuildableReference
               BuildableIdentifier = "primary"
               BlueprintIdentifier = "E7449C1BBC882ADE61DB38AC"
               BuildableName = "SurveyUITests.xctest"
               BlueprintName = "SurveyUITests"
               ReferencedContainer = "container:Survey.xcodeproj">
            </BuildableReference>
            <SkippedTests>
               <Test
                  Identifier = "LoginSpec/a_Login_screen__its_open__it_shows_its_ui_components()">
               </Test>
               <Test
                  Identifier = "LoginSpec/a_Login_screen__its_open__when_fill_in_invalid_credentials__shows_an_alert_after_the_request_fails()">
               </Test>
               <Test
                  Identifier = "LoginSpec/a_Login_screen__its_open__when_fill_in_valid_credentials__shows_home_screen()">
               </Test>
               <Test
                  Identifier = "ResetPasswordSpec/a_Reset_Password_screen__its_open__its_reset_button__when_email_is_valid__shows_notification_and_hides_loading_indicator()">
               </Test>
               <Test
                  Identifier = "ResetPasswordSpec/a_Reset_Password_screen__its_open__shows_its_ui_components()">
               </Test>
               <Test
                  Identifier = "SurveyLoadingSpec">
               </Test>
            </SkippedTests>
         </TestableReference>
      </Testables>
   </TestAction>
   <LaunchAction
      buildConfiguration = "Debug Staging"
      selectedDebuggerIdentifier = "Xcode.DebuggerFoundation.Debugger.LLDB"
      selectedLauncherIdentifier = "Xcode.DebuggerFoundation.Launcher.LLDB"
      launchStyle = "0"
      useCustomWorkingDirectory = "NO"
      ignoresPersistentStateOnLaunch = "NO"
      debugDocumentVersioning = "YES"
      debugServiceExtension = "internal"
      allowLocationSimulation = "YES">
      <BuildableProductRunnable
         runnableDebuggingMode = "0">
         <BuildableReference
            BuildableIdentifier = "primary"
            BlueprintIdentifier = "3AC192947DB2FAD63AFCCAEB"
            BuildableName = "Survey.app"
            BlueprintName = "Survey"
            ReferencedContainer = "container:Survey.xcodeproj">
         </BuildableReference>
      </BuildableProductRunnable>
   </LaunchAction>
   <ProfileAction
      buildConfiguration = "Debug Staging"
      shouldUseLaunchSchemeArgsEnv = "YES"
      savedToolIdentifier = ""
      useCustomWorkingDirectory = "NO"
      debugDocumentVersioning = "YES">
      <BuildableProductRunnable
         runnableDebuggingMode = "0">
         <BuildableReference
            BuildableIdentifier = "primary"
            BlueprintIdentifier = "3AC192947DB2FAD63AFCCAEB"
            BuildableName = "Survey.app"
            BlueprintName = "Survey"
            ReferencedContainer = "container:Survey.xcodeproj">
         </BuildableReference>
      </BuildableProductRunnable>
   </ProfileAction>
   <AnalyzeAction
      buildConfiguration = "Debug Staging">
   </AnalyzeAction>
   <ArchiveAction
      buildConfiguration = "Release Staging"
      revealArchiveInOrganizer = "YES">
   </ArchiveAction>
</Scheme>
